
Microsoft Visual Studio Solution File, Format Version 12.00
# Visual Studio 14
VisualStudioVersion = 14.0.24720.0
MinimumVisualStudioVersion = 10.0.40219.1
Project("{FAE04EC0-301F-11D3-BF4B-00C04F79EFBC}") = "ExchangeNumbers", "ExchangeNumbers\ExchangeNumbers.csproj", "{6320C72D-22F9-49FB-B3A2-7C89DB31BE00}"
EndProject
Project("{FAE04EC0-301F-11D3-BF4B-00C04F79EFBC}") = "BonusScore", "BonusScore\BonusScore.csproj", "{3D4C385B-DDBD-4812-A33D-DA706361981C}"
EndProject
Project("{FAE04EC0-301F-11D3-BF4B-00C04F79EFBC}") = "PlayCard", "PlayCard\PlayCard.csproj", "{E9829B14-6822-48DB-B0F5-5D81F268CA35}"
EndProject
Project("{FAE04EC0-301F-11D3-BF4B-00C04F79EFBC}") = "MultiplicationSign", "MultiplicationSign\MultiplicationSign.csproj", "{D3F9DC91-2F02-4159-94F8-E1D61F555B9D}"
EndProject
Project("{FAE04EC0-301F-11D3-BF4B-00C04F79EFBC}") = "BiggestOf3", "BiggestOf3\BiggestOf3.csproj", "{00CD301F-B88A-4E63-AAFB-83659751F745}"
EndProject
Project("{FAE04EC0-301F-11D3-BF4B-00C04F79EFBC}") = "BiggestOf5", "BiggestOf5\BiggestOf5.csproj", "{79EB239A-06AF-40FE-8AB9-A784F54D68EC}"
EndProject
Project("{FAE04EC0-301F-11D3-BF4B-00C04F79EFBC}") = "SortNumbers", "SortNumbers\SortNumbers.csproj", "{79427D1F-B9ED-4AF2-82D4-800059CD5DEE}"
EndProject
Project("{FAE04EC0-301F-11D3-BF4B-00C04F79EFBC}") = "DigitAsWord", "DigitAsWord\DigitAsWord.csproj", "{AFA618BC-5107-4EA8-98EF-BD5304E4B70C}"
EndProject
Project("{FAE04EC0-301F-11D3-BF4B-00C04F79EFBC}") = "IntDoubleString", "IntDoubleString\IntDoubleString.csproj", "{1250AF8C-C782-4644-9D97-8A71958E12DC}"
EndProject
Global
	GlobalSection(SolutionConfigurationPlatforms) = preSolution
		Debug|Any CPU = Debug|Any CPU
		Release|Any CPU = Release|Any CPU
	EndGlobalSection
	GlobalSection(ProjectConfigurationPlatforms) = postSolution
		{6320C72D-22F9-49FB-B3A2-7C89DB31BE00}.Debug|Any CPU.ActiveCfg = Debug|Any CPU
		{6320C72D-22F9-49FB-B3A2-7C89DB31BE00}.Debug|Any CPU.Build.0 = Debug|Any CPU
		{6320C72D-22F9-49FB-B3A2-7C89DB31BE00}.Release|Any CPU.ActiveCfg = Release|Any CPU
		{6320C72D-22F9-49FB-B3A2-7C89DB31BE00}.Release|Any CPU.Build.0 = Release|Any CPU
		{3D4C385B-DDBD-4812-A33D-DA706361981C}.Debug|Any CPU.ActiveCfg = Debug|Any CPU
		{3D4C385B-DDBD-4812-A33D-DA706361981C}.Debug|Any CPU.Build.0 = Debug|Any CPU
		{3D4C385B-DDBD-4812-A33D-DA706361981C}.Release|Any CPU.ActiveCfg = Release|Any CPU
		{3D4C385B-DDBD-4812-A33D-DA706361981C}.Release|Any CPU.Build.0 = Release|Any CPU
		{E9829B14-6822-48DB-B0F5-5D81F268CA35}.Debug|Any CPU.ActiveCfg = Debug|Any CPU
		{E9829B14-6822-48DB-B0F5-5D81F268CA35}.Debug|Any CPU.Build.0 = Debug|Any CPU
		{E9829B14-6822-48DB-B0F5-5D81F268CA35}.Release|Any CPU.ActiveCfg = Release|Any CPU
		{E9829B14-6822-48DB-B0F5-5D81F268CA35}.Release|Any CPU.Build.0 = Release|Any CPU
		{D3F9DC91-2F02-4159-94F8-E1D61F555B9D}.Debug|Any CPU.ActiveCfg = Debug|Any CPU
		{D3F9DC91-2F02-4159-94F8-E1D61F555B9D}.Debug|Any CPU.Build.0 = Debug|Any CPU
		{D3F9DC91-2F02-4159-94F8-E1D61F555B9D}.Release|Any CPU.ActiveCfg = Release|Any CPU
		{D3F9DC91-2F02-4159-94F8-E1D61F555B9D}.Release|Any CPU.Build.0 = Release|Any CPU
		{00CD301F-B88A-4E63-AAFB-83659751F745}.Debug|Any CPU.ActiveCfg = Debug|Any CPU
		{00CD301F-B88A-4E63-AAFB-83659751F745}.Debug|Any CPU.Build.0 = Debug|Any CPU
		{00CD301F-B88A-4E63-AAFB-83659751F745}.Release|Any CPU.ActiveCfg = Release|Any CPU
		{00CD301F-B88A-4E63-AAFB-83659751F745}.Release|Any CPU.Build.0 = Release|Any CPU
		{79EB239A-06AF-40FE-8AB9-A784F54D68EC}.Debug|Any CPU.ActiveCfg = Debug|Any CPU
		{79EB239A-06AF-40FE-8AB9-A784F54D68EC}.Debug|Any CPU.Build.0 = Debug|Any CPU
		{79EB239A-06AF-40FE-8AB9-A784F54D68EC}.Release|Any CPU.ActiveCfg = Release|Any CPU
		{79EB239A-06AF-40FE-8AB9-A784F54D68EC}.Release|Any CPU.Build.0 = Release|Any CPU
		{79427D1F-B9ED-4AF2-82D4-800059CD5DEE}.Debug|Any CPU.ActiveCfg = Debug|Any CPU
		{79427D1F-B9ED-4AF2-82D4-800059CD5DEE}.Debug|Any CPU.Build.0 = Debug|Any CPU
		{79427D1F-B9ED-4AF2-82D4-800059CD5DEE}.Release|Any CPU.ActiveCfg = Release|Any CPU
		{79427D1F-B9ED-4AF2-82D4-800059CD5DEE}.Release|Any CPU.Build.0 = Release|Any CPU
		{AFA618BC-5107-4EA8-98EF-BD5304E4B70C}.Debug|Any CPU.ActiveCfg = Debug|Any CPU
		{AFA618BC-5107-4EA8-98EF-BD5304E4B70C}.Debug|Any CPU.Build.0 = Debug|Any CPU
		{AFA618BC-5107-4EA8-98EF-BD5304E4B70C}.Release|Any CPU.ActiveCfg = Release|Any CPU
		{AFA618BC-5107-4EA8-98EF-BD5304E4B70C}.Release|Any CPU.Build.0 = Release|Any CPU
		{1250AF8C-C782-4644-9D97-8A71958E12DC}.Debug|Any CPU.ActiveCfg = Debug|Any CPU
		{1250AF8C-C782-4644-9D97-8A71958E12DC}.Debug|Any CPU.Build.0 = Debug|Any CPU
		{1250AF8C-C782-4644-9D97-8A71958E12DC}.Release|Any CPU.ActiveCfg = Release|Any CPU
		{1250AF8C-C782-4644-9D97-8A71958E12DC}.Release|Any CPU.Build.0 = Release|Any CPU
	EndGlobalSection
	GlobalSection(SolutionProperties) = preSolution
		HideSolutionNode = FALSE
	EndGlobalSection
EndGlobal
