
Microsoft Visual Studio Solution File, Format Version 12.00
# Visual Studio 14
VisualStudioVersion = 14.0.24720.0
MinimumVisualStudioVersion = 10.0.40219.1
Project("{FAE04EC0-301F-11D3-BF4B-00C04F79EFBC}") = "QuotesInStrings", "QuotesInStrings\QuotesInStrings.csproj", "{9A40A6C1-0327-43F4-BE32-7A8012C2F72F}"
EndProject
Project("{FAE04EC0-301F-11D3-BF4B-00C04F79EFBC}") = "ComparingFloats", "ComparingFloats\ComparingFloats.csproj", "{5EC19712-7942-48DF-AA7C-0FFA9D1D7687}"
EndProject
Project("{FAE04EC0-301F-11D3-BF4B-00C04F79EFBC}") = "PrintTheASCIITable", "PrintTheASCIITable\PrintTheASCIITable.csproj", "{00E4F2C0-DFE2-4606-8B71-4B2531E3D163}"
EndProject
Global
	GlobalSection(SolutionConfigurationPlatforms) = preSolution
		Debug|Any CPU = Debug|Any CPU
		Release|Any CPU = Release|Any CPU
	EndGlobalSection
	GlobalSection(ProjectConfigurationPlatforms) = postSolution
		{9A40A6C1-0327-43F4-BE32-7A8012C2F72F}.Debug|Any CPU.ActiveCfg = Debug|Any CPU
		{9A40A6C1-0327-43F4-BE32-7A8012C2F72F}.Debug|Any CPU.Build.0 = Debug|Any CPU
		{9A40A6C1-0327-43F4-BE32-7A8012C2F72F}.Release|Any CPU.ActiveCfg = Release|Any CPU
		{9A40A6C1-0327-43F4-BE32-7A8012C2F72F}.Release|Any CPU.Build.0 = Release|Any CPU
		{5EC19712-7942-48DF-AA7C-0FFA9D1D7687}.Debug|Any CPU.ActiveCfg = Debug|Any CPU
		{5EC19712-7942-48DF-AA7C-0FFA9D1D7687}.Debug|Any CPU.Build.0 = Debug|Any CPU
		{5EC19712-7942-48DF-AA7C-0FFA9D1D7687}.Release|Any CPU.ActiveCfg = Release|Any CPU
		{5EC19712-7942-48DF-AA7C-0FFA9D1D7687}.Release|Any CPU.Build.0 = Release|Any CPU
		{00E4F2C0-DFE2-4606-8B71-4B2531E3D163}.Debug|Any CPU.ActiveCfg = Debug|Any CPU
		{00E4F2C0-DFE2-4606-8B71-4B2531E3D163}.Debug|Any CPU.Build.0 = Debug|Any CPU
		{00E4F2C0-DFE2-4606-8B71-4B2531E3D163}.Release|Any CPU.ActiveCfg = Release|Any CPU
		{00E4F2C0-DFE2-4606-8B71-4B2531E3D163}.Release|Any CPU.Build.0 = Release|Any CPU
	EndGlobalSection
	GlobalSection(SolutionProperties) = preSolution
		HideSolutionNode = FALSE
	EndGlobalSection
EndGlobal
