
Microsoft Visual Studio Solution File, Format Version 12.00
# Visual Studio 14
VisualStudioVersion = 14.0.24720.0
MinimumVisualStudioVersion = 10.0.40219.1
Project("{FAE04EC0-301F-11D3-BF4B-00C04F79EFBC}") = "OddOrEven", "Homework3\OddOrEven.csproj", "{5941DD5C-5370-4140-8479-F17C53C5933E}"
EndProject
Project("{FAE04EC0-301F-11D3-BF4B-00C04F79EFBC}") = "MoonGravity", "MoonGravity\MoonGravity.csproj", "{7D956BC2-2AD6-44DC-80D2-C6670F1D8453}"
EndProject
Project("{FAE04EC0-301F-11D3-BF4B-00C04F79EFBC}") = "DivideBy7And5", "DivideBy7And5\DivideBy7And5.csproj", "{DE1DE6C2-D41D-4333-A013-2D6EEE68B11E}"
EndProject
Project("{FAE04EC0-301F-11D3-BF4B-00C04F79EFBC}") = "Rectangles", "Rectangles\Rectangles.csproj", "{0C1FFCD9-72BA-4A41-AA7A-C5C0147DFFCD}"
EndProject
Project("{FAE04EC0-301F-11D3-BF4B-00C04F79EFBC}") = "PrimeCheck", "PrimeCheck\PrimeCheck.csproj", "{B93BF609-ECDC-46A7-BB94-2E1382545EA6}"
EndProject
Project("{FAE04EC0-301F-11D3-BF4B-00C04F79EFBC}") = "FourDigits", "FourDigits\FourDigits.csproj", "{A0A2DD38-34A5-42D3-97A1-CDAC06B8D7EF}"
EndProject
Project("{FAE04EC0-301F-11D3-BF4B-00C04F79EFBC}") = "ThirdDigit", "ThirdDigit\ThirdDigit.csproj", "{A8BFC301-8C68-4DE2-91B8-0E6598CE3159}"
EndProject
Project("{FAE04EC0-301F-11D3-BF4B-00C04F79EFBC}") = "PointInACircle", "PointInACircle\PointInACircle.csproj", "{4C6464A3-A2CE-4954-B67A-ED05D7008DBF}"
EndProject
Project("{FAE04EC0-301F-11D3-BF4B-00C04F79EFBC}") = "Trapezoids", "Trapezoids\Trapezoids.csproj", "{18BCB996-DB73-4955-BC03-34983E036AF1}"
EndProject
Project("{FAE04EC0-301F-11D3-BF4B-00C04F79EFBC}") = "PointCircleRectangle", "PointCircleRectangle\PointCircleRectangle.csproj", "{0B6E77AF-61CC-4742-BF8E-3C6E641BB143}"
EndProject
Project("{FAE04EC0-301F-11D3-BF4B-00C04F79EFBC}") = "3rdBit", "3rdBit\3rdBit.csproj", "{78361469-FC4B-4264-83D9-B1C8722D23B1}"
EndProject
Project("{FAE04EC0-301F-11D3-BF4B-00C04F79EFBC}") = "NthBit", "NthBit\NthBit.csproj", "{5831B39C-DA30-4865-A34D-EDBEBC67FA96}"
EndProject
Project("{FAE04EC0-301F-11D3-BF4B-00C04F79EFBC}") = "ModifiedBit", "ModifiedBit\ModifiedBit.csproj", "{D3F142C2-DCD1-4CF1-B242-119717AF5268}"
EndProject
Project("{FAE04EC0-301F-11D3-BF4B-00C04F79EFBC}") = "ExchangeBits", "ExchangeBits\ExchangeBits.csproj", "{A0DC1B20-42B5-4AE4-83B6-920D7726401F}"
EndProject
Project("{FAE04EC0-301F-11D3-BF4B-00C04F79EFBC}") = "BitSwap", "BitSwap\BitSwap.csproj", "{16955F23-5859-4A6E-9936-6547E2CFCB7B}"
EndProject
Global
	GlobalSection(SolutionConfigurationPlatforms) = preSolution
		Debug|Any CPU = Debug|Any CPU
		Release|Any CPU = Release|Any CPU
	EndGlobalSection
	GlobalSection(ProjectConfigurationPlatforms) = postSolution
		{5941DD5C-5370-4140-8479-F17C53C5933E}.Debug|Any CPU.ActiveCfg = Debug|Any CPU
		{5941DD5C-5370-4140-8479-F17C53C5933E}.Debug|Any CPU.Build.0 = Debug|Any CPU
		{5941DD5C-5370-4140-8479-F17C53C5933E}.Release|Any CPU.ActiveCfg = Release|Any CPU
		{5941DD5C-5370-4140-8479-F17C53C5933E}.Release|Any CPU.Build.0 = Release|Any CPU
		{7D956BC2-2AD6-44DC-80D2-C6670F1D8453}.Debug|Any CPU.ActiveCfg = Debug|Any CPU
		{7D956BC2-2AD6-44DC-80D2-C6670F1D8453}.Debug|Any CPU.Build.0 = Debug|Any CPU
		{7D956BC2-2AD6-44DC-80D2-C6670F1D8453}.Release|Any CPU.ActiveCfg = Release|Any CPU
		{7D956BC2-2AD6-44DC-80D2-C6670F1D8453}.Release|Any CPU.Build.0 = Release|Any CPU
		{DE1DE6C2-D41D-4333-A013-2D6EEE68B11E}.Debug|Any CPU.ActiveCfg = Debug|Any CPU
		{DE1DE6C2-D41D-4333-A013-2D6EEE68B11E}.Debug|Any CPU.Build.0 = Debug|Any CPU
		{DE1DE6C2-D41D-4333-A013-2D6EEE68B11E}.Release|Any CPU.ActiveCfg = Release|Any CPU
		{DE1DE6C2-D41D-4333-A013-2D6EEE68B11E}.Release|Any CPU.Build.0 = Release|Any CPU
		{0C1FFCD9-72BA-4A41-AA7A-C5C0147DFFCD}.Debug|Any CPU.ActiveCfg = Debug|Any CPU
		{0C1FFCD9-72BA-4A41-AA7A-C5C0147DFFCD}.Debug|Any CPU.Build.0 = Debug|Any CPU
		{0C1FFCD9-72BA-4A41-AA7A-C5C0147DFFCD}.Release|Any CPU.ActiveCfg = Release|Any CPU
		{0C1FFCD9-72BA-4A41-AA7A-C5C0147DFFCD}.Release|Any CPU.Build.0 = Release|Any CPU
		{B93BF609-ECDC-46A7-BB94-2E1382545EA6}.Debug|Any CPU.ActiveCfg = Debug|Any CPU
		{B93BF609-ECDC-46A7-BB94-2E1382545EA6}.Debug|Any CPU.Build.0 = Debug|Any CPU
		{B93BF609-ECDC-46A7-BB94-2E1382545EA6}.Release|Any CPU.ActiveCfg = Release|Any CPU
		{B93BF609-ECDC-46A7-BB94-2E1382545EA6}.Release|Any CPU.Build.0 = Release|Any CPU
		{A0A2DD38-34A5-42D3-97A1-CDAC06B8D7EF}.Debug|Any CPU.ActiveCfg = Debug|Any CPU
		{A0A2DD38-34A5-42D3-97A1-CDAC06B8D7EF}.Debug|Any CPU.Build.0 = Debug|Any CPU
		{A0A2DD38-34A5-42D3-97A1-CDAC06B8D7EF}.Release|Any CPU.ActiveCfg = Release|Any CPU
		{A0A2DD38-34A5-42D3-97A1-CDAC06B8D7EF}.Release|Any CPU.Build.0 = Release|Any CPU
		{A8BFC301-8C68-4DE2-91B8-0E6598CE3159}.Debug|Any CPU.ActiveCfg = Debug|Any CPU
		{A8BFC301-8C68-4DE2-91B8-0E6598CE3159}.Debug|Any CPU.Build.0 = Debug|Any CPU
		{A8BFC301-8C68-4DE2-91B8-0E6598CE3159}.Release|Any CPU.ActiveCfg = Release|Any CPU
		{A8BFC301-8C68-4DE2-91B8-0E6598CE3159}.Release|Any CPU.Build.0 = Release|Any CPU
		{4C6464A3-A2CE-4954-B67A-ED05D7008DBF}.Debug|Any CPU.ActiveCfg = Debug|Any CPU
		{4C6464A3-A2CE-4954-B67A-ED05D7008DBF}.Debug|Any CPU.Build.0 = Debug|Any CPU
		{4C6464A3-A2CE-4954-B67A-ED05D7008DBF}.Release|Any CPU.ActiveCfg = Release|Any CPU
		{4C6464A3-A2CE-4954-B67A-ED05D7008DBF}.Release|Any CPU.Build.0 = Release|Any CPU
		{18BCB996-DB73-4955-BC03-34983E036AF1}.Debug|Any CPU.ActiveCfg = Debug|Any CPU
		{18BCB996-DB73-4955-BC03-34983E036AF1}.Debug|Any CPU.Build.0 = Debug|Any CPU
		{18BCB996-DB73-4955-BC03-34983E036AF1}.Release|Any CPU.ActiveCfg = Release|Any CPU
		{18BCB996-DB73-4955-BC03-34983E036AF1}.Release|Any CPU.Build.0 = Release|Any CPU
		{0B6E77AF-61CC-4742-BF8E-3C6E641BB143}.Debug|Any CPU.ActiveCfg = Debug|Any CPU
		{0B6E77AF-61CC-4742-BF8E-3C6E641BB143}.Debug|Any CPU.Build.0 = Debug|Any CPU
		{0B6E77AF-61CC-4742-BF8E-3C6E641BB143}.Release|Any CPU.ActiveCfg = Release|Any CPU
		{0B6E77AF-61CC-4742-BF8E-3C6E641BB143}.Release|Any CPU.Build.0 = Release|Any CPU
		{78361469-FC4B-4264-83D9-B1C8722D23B1}.Debug|Any CPU.ActiveCfg = Debug|Any CPU
		{78361469-FC4B-4264-83D9-B1C8722D23B1}.Debug|Any CPU.Build.0 = Debug|Any CPU
		{78361469-FC4B-4264-83D9-B1C8722D23B1}.Release|Any CPU.ActiveCfg = Release|Any CPU
		{78361469-FC4B-4264-83D9-B1C8722D23B1}.Release|Any CPU.Build.0 = Release|Any CPU
		{5831B39C-DA30-4865-A34D-EDBEBC67FA96}.Debug|Any CPU.ActiveCfg = Debug|Any CPU
		{5831B39C-DA30-4865-A34D-EDBEBC67FA96}.Debug|Any CPU.Build.0 = Debug|Any CPU
		{5831B39C-DA30-4865-A34D-EDBEBC67FA96}.Release|Any CPU.ActiveCfg = Release|Any CPU
		{5831B39C-DA30-4865-A34D-EDBEBC67FA96}.Release|Any CPU.Build.0 = Release|Any CPU
		{D3F142C2-DCD1-4CF1-B242-119717AF5268}.Debug|Any CPU.ActiveCfg = Debug|Any CPU
		{D3F142C2-DCD1-4CF1-B242-119717AF5268}.Debug|Any CPU.Build.0 = Debug|Any CPU
		{D3F142C2-DCD1-4CF1-B242-119717AF5268}.Release|Any CPU.ActiveCfg = Release|Any CPU
		{D3F142C2-DCD1-4CF1-B242-119717AF5268}.Release|Any CPU.Build.0 = Release|Any CPU
		{A0DC1B20-42B5-4AE4-83B6-920D7726401F}.Debug|Any CPU.ActiveCfg = Debug|Any CPU
		{A0DC1B20-42B5-4AE4-83B6-920D7726401F}.Debug|Any CPU.Build.0 = Debug|Any CPU
		{A0DC1B20-42B5-4AE4-83B6-920D7726401F}.Release|Any CPU.ActiveCfg = Release|Any CPU
		{A0DC1B20-42B5-4AE4-83B6-920D7726401F}.Release|Any CPU.Build.0 = Release|Any CPU
		{16955F23-5859-4A6E-9936-6547E2CFCB7B}.Debug|Any CPU.ActiveCfg = Debug|Any CPU
		{16955F23-5859-4A6E-9936-6547E2CFCB7B}.Debug|Any CPU.Build.0 = Debug|Any CPU
		{16955F23-5859-4A6E-9936-6547E2CFCB7B}.Release|Any CPU.ActiveCfg = Release|Any CPU
		{16955F23-5859-4A6E-9936-6547E2CFCB7B}.Release|Any CPU.Build.0 = Release|Any CPU
	EndGlobalSection
	GlobalSection(SolutionProperties) = preSolution
		HideSolutionNode = FALSE
	EndGlobalSection
EndGlobal
