
Microsoft Visual Studio Solution File, Format Version 12.00
# Visual Studio 14
VisualStudioVersion = 14.0.25123.0
MinimumVisualStudioVersion = 10.0.40219.1
Project("{FAE04EC0-301F-11D3-BF4B-00C04F79EFBC}") = "AllocatingArray", "AllocatingArray\AllocatingArray.csproj", "{3C0D5FFA-1661-46A1-8599-11647172D9E6}"
EndProject
Project("{FAE04EC0-301F-11D3-BF4B-00C04F79EFBC}") = "CompareArrays", "CompareArrays\CompareArrays.csproj", "{798BD6AF-8A63-462F-AD24-5C03C6C48D80}"
EndProject
Project("{FAE04EC0-301F-11D3-BF4B-00C04F79EFBC}") = "CompareCharArrays", "CompareCharArrays\CompareCharArrays.csproj", "{B10541FD-B869-4C82-BFE8-E89C4CC0CB92}"
EndProject
Project("{FAE04EC0-301F-11D3-BF4B-00C04F79EFBC}") = "MaximalSequence", "MaximalSequence\MaximalSequence.csproj", "{6E61F4F1-368F-4F0A-B3A0-94ED7442B924}"
EndProject
Project("{FAE04EC0-301F-11D3-BF4B-00C04F79EFBC}") = "MaximalIncreasingSequence", "MaximalIncreasingSequence\MaximalIncreasingSequence.csproj", "{1FFB3BDA-37B8-431D-AED8-66B1E3E601E0}"
EndProject
Project("{FAE04EC0-301F-11D3-BF4B-00C04F79EFBC}") = "SumOfKMembers", "SumOfKMembers\SumOfKMembers.csproj", "{3F5D920A-0A0E-4CFA-ABEC-4C764317CF67}"
EndProject
Project("{FAE04EC0-301F-11D3-BF4B-00C04F79EFBC}") = "SortArray", "SortArray\SortArray.csproj", "{47271DE4-A7BE-4A0F-9225-A29705715A41}"
EndProject
Project("{FAE04EC0-301F-11D3-BF4B-00C04F79EFBC}") = "MaximalSum", "MaximalSum\MaximalSum.csproj", "{D0918EC6-C39C-4AE9-8238-495F940D1B79}"
EndProject
Project("{FAE04EC0-301F-11D3-BF4B-00C04F79EFBC}") = "FrequentNumber", "FrequentNumber\FrequentNumber.csproj", "{6AE078A7-91B1-4CBE-A915-16F8701D269F}"
EndProject
Project("{FAE04EC0-301F-11D3-BF4B-00C04F79EFBC}") = "BinarySearch", "BinarySearch\BinarySearch.csproj", "{AE86C81D-FCDF-4935-8D86-0E2351424648}"
EndProject
Project("{FAE04EC0-301F-11D3-BF4B-00C04F79EFBC}") = "IndexOfLetter", "IndexOfLetter\IndexOfLetter.csproj", "{E33DCA96-A0AA-4B0A-A36B-7C3BF46B8EFE}"
EndProject
Global
	GlobalSection(SolutionConfigurationPlatforms) = preSolution
		Debug|Any CPU = Debug|Any CPU
		Release|Any CPU = Release|Any CPU
	EndGlobalSection
	GlobalSection(ProjectConfigurationPlatforms) = postSolution
		{3C0D5FFA-1661-46A1-8599-11647172D9E6}.Debug|Any CPU.ActiveCfg = Debug|Any CPU
		{3C0D5FFA-1661-46A1-8599-11647172D9E6}.Debug|Any CPU.Build.0 = Debug|Any CPU
		{3C0D5FFA-1661-46A1-8599-11647172D9E6}.Release|Any CPU.ActiveCfg = Release|Any CPU
		{3C0D5FFA-1661-46A1-8599-11647172D9E6}.Release|Any CPU.Build.0 = Release|Any CPU
		{798BD6AF-8A63-462F-AD24-5C03C6C48D80}.Debug|Any CPU.ActiveCfg = Debug|Any CPU
		{798BD6AF-8A63-462F-AD24-5C03C6C48D80}.Debug|Any CPU.Build.0 = Debug|Any CPU
		{798BD6AF-8A63-462F-AD24-5C03C6C48D80}.Release|Any CPU.ActiveCfg = Release|Any CPU
		{798BD6AF-8A63-462F-AD24-5C03C6C48D80}.Release|Any CPU.Build.0 = Release|Any CPU
		{B10541FD-B869-4C82-BFE8-E89C4CC0CB92}.Debug|Any CPU.ActiveCfg = Debug|Any CPU
		{B10541FD-B869-4C82-BFE8-E89C4CC0CB92}.Debug|Any CPU.Build.0 = Debug|Any CPU
		{B10541FD-B869-4C82-BFE8-E89C4CC0CB92}.Release|Any CPU.ActiveCfg = Release|Any CPU
		{B10541FD-B869-4C82-BFE8-E89C4CC0CB92}.Release|Any CPU.Build.0 = Release|Any CPU
		{6E61F4F1-368F-4F0A-B3A0-94ED7442B924}.Debug|Any CPU.ActiveCfg = Debug|Any CPU
		{6E61F4F1-368F-4F0A-B3A0-94ED7442B924}.Debug|Any CPU.Build.0 = Debug|Any CPU
		{6E61F4F1-368F-4F0A-B3A0-94ED7442B924}.Release|Any CPU.ActiveCfg = Release|Any CPU
		{6E61F4F1-368F-4F0A-B3A0-94ED7442B924}.Release|Any CPU.Build.0 = Release|Any CPU
		{1FFB3BDA-37B8-431D-AED8-66B1E3E601E0}.Debug|Any CPU.ActiveCfg = Debug|Any CPU
		{1FFB3BDA-37B8-431D-AED8-66B1E3E601E0}.Debug|Any CPU.Build.0 = Debug|Any CPU
		{1FFB3BDA-37B8-431D-AED8-66B1E3E601E0}.Release|Any CPU.ActiveCfg = Release|Any CPU
		{1FFB3BDA-37B8-431D-AED8-66B1E3E601E0}.Release|Any CPU.Build.0 = Release|Any CPU
		{3F5D920A-0A0E-4CFA-ABEC-4C764317CF67}.Debug|Any CPU.ActiveCfg = Debug|Any CPU
		{3F5D920A-0A0E-4CFA-ABEC-4C764317CF67}.Debug|Any CPU.Build.0 = Debug|Any CPU
		{3F5D920A-0A0E-4CFA-ABEC-4C764317CF67}.Release|Any CPU.ActiveCfg = Release|Any CPU
		{3F5D920A-0A0E-4CFA-ABEC-4C764317CF67}.Release|Any CPU.Build.0 = Release|Any CPU
		{47271DE4-A7BE-4A0F-9225-A29705715A41}.Debug|Any CPU.ActiveCfg = Debug|Any CPU
		{47271DE4-A7BE-4A0F-9225-A29705715A41}.Debug|Any CPU.Build.0 = Debug|Any CPU
		{47271DE4-A7BE-4A0F-9225-A29705715A41}.Release|Any CPU.ActiveCfg = Release|Any CPU
		{47271DE4-A7BE-4A0F-9225-A29705715A41}.Release|Any CPU.Build.0 = Release|Any CPU
		{D0918EC6-C39C-4AE9-8238-495F940D1B79}.Debug|Any CPU.ActiveCfg = Debug|Any CPU
		{D0918EC6-C39C-4AE9-8238-495F940D1B79}.Debug|Any CPU.Build.0 = Debug|Any CPU
		{D0918EC6-C39C-4AE9-8238-495F940D1B79}.Release|Any CPU.ActiveCfg = Release|Any CPU
		{D0918EC6-C39C-4AE9-8238-495F940D1B79}.Release|Any CPU.Build.0 = Release|Any CPU
		{6AE078A7-91B1-4CBE-A915-16F8701D269F}.Debug|Any CPU.ActiveCfg = Debug|Any CPU
		{6AE078A7-91B1-4CBE-A915-16F8701D269F}.Debug|Any CPU.Build.0 = Debug|Any CPU
		{6AE078A7-91B1-4CBE-A915-16F8701D269F}.Release|Any CPU.ActiveCfg = Release|Any CPU
		{6AE078A7-91B1-4CBE-A915-16F8701D269F}.Release|Any CPU.Build.0 = Release|Any CPU
		{AE86C81D-FCDF-4935-8D86-0E2351424648}.Debug|Any CPU.ActiveCfg = Debug|Any CPU
		{AE86C81D-FCDF-4935-8D86-0E2351424648}.Debug|Any CPU.Build.0 = Debug|Any CPU
		{AE86C81D-FCDF-4935-8D86-0E2351424648}.Release|Any CPU.ActiveCfg = Release|Any CPU
		{AE86C81D-FCDF-4935-8D86-0E2351424648}.Release|Any CPU.Build.0 = Release|Any CPU
		{E33DCA96-A0AA-4B0A-A36B-7C3BF46B8EFE}.Debug|Any CPU.ActiveCfg = Debug|Any CPU
		{E33DCA96-A0AA-4B0A-A36B-7C3BF46B8EFE}.Debug|Any CPU.Build.0 = Debug|Any CPU
		{E33DCA96-A0AA-4B0A-A36B-7C3BF46B8EFE}.Release|Any CPU.ActiveCfg = Release|Any CPU
		{E33DCA96-A0AA-4B0A-A36B-7C3BF46B8EFE}.Release|Any CPU.Build.0 = Release|Any CPU
	EndGlobalSection
	GlobalSection(SolutionProperties) = preSolution
		HideSolutionNode = FALSE
	EndGlobalSection
EndGlobal
