
Microsoft Visual Studio Solution File, Format Version 12.00
# Visual Studio 14
VisualStudioVersion = 14.0.25123.0
MinimumVisualStudioVersion = 10.0.40219.1
Project("{FAE04EC0-301F-11D3-BF4B-00C04F79EFBC}") = "SquareRoot", "SquareRoot\SquareRoot.csproj", "{87532D08-122D-4AD8-9AEA-FF3B7A41BE02}"
EndProject
Project("{FAE04EC0-301F-11D3-BF4B-00C04F79EFBC}") = "EnterNumbers", "EnterNumbers\EnterNumbers.csproj", "{32120FF8-B655-44BD-983A-E538D44B9DEA}"
EndProject
Global
	GlobalSection(SolutionConfigurationPlatforms) = preSolution
		Debug|Any CPU = Debug|Any CPU
		Release|Any CPU = Release|Any CPU
	EndGlobalSection
	GlobalSection(ProjectConfigurationPlatforms) = postSolution
		{87532D08-122D-4AD8-9AEA-FF3B7A41BE02}.Debug|Any CPU.ActiveCfg = Debug|Any CPU
		{87532D08-122D-4AD8-9AEA-FF3B7A41BE02}.Debug|Any CPU.Build.0 = Debug|Any CPU
		{87532D08-122D-4AD8-9AEA-FF3B7A41BE02}.Release|Any CPU.ActiveCfg = Release|Any CPU
		{87532D08-122D-4AD8-9AEA-FF3B7A41BE02}.Release|Any CPU.Build.0 = Release|Any CPU
		{32120FF8-B655-44BD-983A-E538D44B9DEA}.Debug|Any CPU.ActiveCfg = Debug|Any CPU
		{32120FF8-B655-44BD-983A-E538D44B9DEA}.Debug|Any CPU.Build.0 = Debug|Any CPU
		{32120FF8-B655-44BD-983A-E538D44B9DEA}.Release|Any CPU.ActiveCfg = Release|Any CPU
		{32120FF8-B655-44BD-983A-E538D44B9DEA}.Release|Any CPU.Build.0 = Release|Any CPU
	EndGlobalSection
	GlobalSection(SolutionProperties) = preSolution
		HideSolutionNode = FALSE
	EndGlobalSection
EndGlobal
